
Microsoft Visual Studio Solution File, Format Version 12.00
# Visual Studio 15
VisualStudioVersion = 15.0.27004.2002
MinimumVisualStudioVersion = 10.0.40219.1
Project("{FAE04EC0-301F-11D3-BF4B-00C04F79EFBC}") = "12v6", "12v6\12v6.csproj", "{8B5C37D6-84FD-4BA2-A6F7-FBA62DE1959C}"
EndProject
Global
	GlobalSection(SolutionConfigurationPlatforms) = preSolution
		Debug|Any CPU = Debug|Any CPU
		Release|Any CPU = Release|Any CPU
	EndGlobalSection
	GlobalSection(ProjectConfigurationPlatforms) = postSolution
		{8B5C37D6-84FD-4BA2-A6F7-FBA62DE1959C}.Debug|Any CPU.ActiveCfg = Debug|Any CPU
		{8B5C37D6-84FD-4BA2-A6F7-FBA62DE1959C}.Debug|Any CPU.Build.0 = Debug|Any CPU
		{8B5C37D6-84FD-4BA2-A6F7-FBA62DE1959C}.Release|Any CPU.ActiveCfg = Release|Any CPU
		{8B5C37D6-84FD-4BA2-A6F7-FBA62DE1959C}.Release|Any CPU.Build.0 = Release|Any CPU
	EndGlobalSection
	GlobalSection(SolutionProperties) = preSolution
		HideSolutionNode = FALSE
	EndGlobalSection
	GlobalSection(ExtensibilityGlobals) = postSolution
		SolutionGuid = {B86926CA-2A4F-4DE1-BDF5-F87D39221260}
	EndGlobalSection
EndGlobal
